// !$*UTF8*$!
{
	archiveVersion = 1;
	classes = {
	};
	objectVersion = 44;
	objects = {

/* Begin PBXBuildFile section */
		3F0FD9220D8B847A00F9C7E2 /* SmartGroup.m in Sources */ = {isa = PBXBuildFile; fileRef = 3F0FD9210D8B847A00F9C7E2 /* SmartGroup.m */; };
		3F41D63B0DCADD1000CB0659 /* EntityToken.m in Sources */ = {isa = PBXBuildFile; fileRef = 3F41D63A0DCADD1000CB0659 /* EntityToken.m */; };
		3F41D7110DCCA40E00CB0659 /* EntityTokenFieldValueTransformer.m in Sources */ = {isa = PBXBuildFile; fileRef = 3F41D7100DCCA40E00CB0659 /* EntityTokenFieldValueTransformer.m */; };
		3F41D95A0DCD7A8000CB0659 /* TiVoProgram_AccessorAdditions.m in Sources */ = {isa = PBXBuildFile; fileRef = 3F41D9590DCD7A8000CB0659 /* TiVoProgram_AccessorAdditions.m */; };
		3F44C4A30D4453F800F0F6F4 /* Folder.tif in Resources */ = {isa = PBXBuildFile; fileRef = 3F44C4970D4453F800F0F6F4 /* Folder.tif */; };
		3F44C4A40D4453F800F0F6F4 /* highlight_blue.tiff in Resources */ = {isa = PBXBuildFile; fileRef = 3F44C4980D4453F800F0F6F4 /* highlight_blue.tiff */; };
		3F44C4A50D4453F800F0F6F4 /* highlight_grey.tiff in Resources */ = {isa = PBXBuildFile; fileRef = 3F44C4990D4453F800F0F6F4 /* highlight_grey.tiff */; };
		3F44C4A60D4453F800F0F6F4 /* License.txt in Resources */ = {isa = PBXBuildFile; fileRef = 3F44C49A0D4453F800F0F6F4 /* License.txt */; };
		3F44C4A70D4453F800F0F6F4 /* LNSSourceListCell.m in Sources */ = {isa = PBXBuildFile; fileRef = 3F44C49C0D4453F800F0F6F4 /* LNSSourceListCell.m */; };
		3F44C4A80D4453F800F0F6F4 /* LNSSourceListColumn.m in Sources */ = {isa = PBXBuildFile; fileRef = 3F44C49E0D4453F800F0F6F4 /* LNSSourceListColumn.m */; };
		3F44C4A90D4453F800F0F6F4 /* LNSSourceListSourceGroupCell.m in Sources */ = {isa = PBXBuildFile; fileRef = 3F44C4A00D4453F800F0F6F4 /* LNSSourceListSourceGroupCell.m */; };
		3F44C4AA0D4453F800F0F6F4 /* LNSSourceListView.m in Sources */ = {isa = PBXBuildFile; fileRef = 3F44C4A20D4453F800F0F6F4 /* LNSSourceListView.m */; };
		3F44D8460D53042F00DA286E /* CalypsoXMLParser.m in Sources */ = {isa = PBXBuildFile; fileRef = 3F44D8450D53042F00DA286E /* CalypsoXMLParser.m */; };
		3F5E9AEB0DA90DAE004D2EE8 /* TiVoDocument.icns in Resources */ = {isa = PBXBuildFile; fileRef = 3F5E9AEA0DA90DAE004D2EE8 /* TiVoDocument.icns */; };
		3F5E9B1F0DA922F4004D2EE8 /* NowPlaying.png in Resources */ = {isa = PBXBuildFile; fileRef = 3F5E9B1E0DA922F4004D2EE8 /* NowPlaying.png */; };
		3F5E9B220DA92462004D2EE8 /* add_to_queue.png in Resources */ = {isa = PBXBuildFile; fileRef = 3F5E9B210DA92462004D2EE8 /* add_to_queue.png */; };
		3F6A88FB0D53472300212FBA /* TiVoProgram.m in Sources */ = {isa = PBXBuildFile; fileRef = 3F6A88F90D53472300212FBA /* TiVoProgram.m */; };
		3F7873B00E97550600D550E0 /* ConversionPresets.plist in Resources */ = {isa = PBXBuildFile; fileRef = 3F7873AF0E97550600D550E0 /* ConversionPresets.plist */; };
		3F8E37E60D4D52AA009B89B3 /* LibraryController.m in Sources */ = {isa = PBXBuildFile; fileRef = 3F8E37E40D4D52AA009B89B3 /* LibraryController.m */; };
		3F90ADF70DD325000088F103 /* WorkQueueFile.m in Sources */ = {isa = PBXBuildFile; fileRef = 3F90ADF60DD325000088F103 /* WorkQueueFile.m */; };
		3F90AFA10DD669C80088F103 /* WorkQueueItem_Workflows.m in Sources */ = {isa = PBXBuildFile; fileRef = 3F90AFA00DD669C80088F103 /* WorkQueueItem_Workflows.m */; };
		3F90B1ED0DD9DBC30088F103 /* WorkQueueStep.m in Sources */ = {isa = PBXBuildFile; fileRef = 3F90B1EC0DD9DBC30088F103 /* WorkQueueStep.m */; };
		3F90B2030DD9DE7A0088F103 /* WorkQueueStep_Workflows.m in Sources */ = {isa = PBXBuildFile; fileRef = 3F90B2020DD9DE7A0088F103 /* WorkQueueStep_Workflows.m */; };
		3F9CD0880DDFEA0100A6B574 /* FilenameTokenSamples.plist in Resources */ = {isa = PBXBuildFile; fileRef = 3F9CD0870DDFEA0100A6B574 /* FilenameTokenSamples.plist */; };
		3FB3C6170D9E8DD5001CEE9D /* download.png in Resources */ = {isa = PBXBuildFile; fileRef = 3FB3C6140D9E8DD5001CEE9D /* download.png */; };
		3FB3C6180D9E8DD5001CEE9D /* processing.png in Resources */ = {isa = PBXBuildFile; fileRef = 3FB3C6150D9E8DD5001CEE9D /* processing.png */; };
		3FB3C6190D9E8DD5001CEE9D /* smart_folders.png in Resources */ = {isa = PBXBuildFile; fileRef = 3FB3C6160D9E8DD5001CEE9D /* smart_folders.png */; };
		3FB3C61D0D9E8F9A001CEE9D /* tivo_small.png in Resources */ = {isa = PBXBuildFile; fileRef = 3FB3C61C0D9E8F9A001CEE9D /* tivo_small.png */; };
		3FB7F7F00D94D32100D97046 /* Beta Tester Notes.rtf in Resources */ = {isa = PBXBuildFile; fileRef = 3FB7F7ED0D94D32100D97046 /* Beta Tester Notes.rtf */; };
		3FB7F7F10D94D32100D97046 /* GPL.txt in Resources */ = {isa = PBXBuildFile; fileRef = 3FB7F7EE0D94D32100D97046 /* GPL.txt */; };
		3FB7F8240D94D71600D97046 /* BHLogger.framework in Frameworks */ = {isa = PBXBuildFile; fileRef = 3FB8E0FE0D8EC3CD008BD58C /* BHLogger.framework */; };
		3FB7F8270D94D74100D97046 /* BHLogger.framework in Copy Frameworks */ = {isa = PBXBuildFile; fileRef = 3FB8E0FE0D8EC3CD008BD58C /* BHLogger.framework */; };
		3FB7FE350D99A06C00D97046 /* TiVoSizeValueTransformer.m in Sources */ = {isa = PBXBuildFile; fileRef = 3FB7FE340D99A06C00D97046 /* TiVoSizeValueTransformer.m */; };
		3FB7FE380D99A0A000D97046 /* TiVoDurationValueTransformer.m in Sources */ = {isa = PBXBuildFile; fileRef = 3FB7FE370D99A0A000D97046 /* TiVoDurationValueTransformer.m */; };
		3FB7FF4D0D9A04BC00D97046 /* expired-recording.png in Resources */ = {isa = PBXBuildFile; fileRef = 3FB7FF490D9A04BC00D97046 /* expired-recording.png */; };
		3FB7FF4E0D9A04BC00D97046 /* expires-soon-recording.png in Resources */ = {isa = PBXBuildFile; fileRef = 3FB7FF4A0D9A04BC00D97046 /* expires-soon-recording.png */; };
		3FB7FF4F0D9A04BC00D97046 /* in-progress-recording.png in Resources */ = {isa = PBXBuildFile; fileRef = 3FB7FF4B0D9A04BC00D97046 /* in-progress-recording.png */; };
		3FB7FF500D9A04BC00D97046 /* save-until-i-delete-recording.png in Resources */ = {isa = PBXBuildFile; fileRef = 3FB7FF4C0D9A04BC00D97046 /* save-until-i-delete-recording.png */; };
		3FCB2D190D8265BD00C2B5BD /* mencoder in Copy Executables */ = {isa = PBXBuildFile; fileRef = 3FCB2D170D8265BD00C2B5BD /* mencoder */; };
		3FCB2D1A0D8265BD00C2B5BD /* tivodecode in Copy Executables */ = {isa = PBXBuildFile; fileRef = 3FCB2D180D8265BD00C2B5BD /* tivodecode */; };
		3FCB2ED90D845C9400C2B5BD /* TiVoButler.icns in Resources */ = {isa = PBXBuildFile; fileRef = 3FCB2ED80D845C9400C2B5BD /* TiVoButler.icns */; };
		3FE3C8F60D3DD46C00D5105A /* TiVoPlayer.m in Sources */ = {isa = PBXBuildFile; fileRef = 3FE3C8F40D3DD46C00D5105A /* TiVoPlayer.m */; };
		3FF63FE00D5663DF00F2EAD9 /* EntityHelper.m in Sources */ = {isa = PBXBuildFile; fileRef = 3FF63FDF0D5663DF00F2EAD9 /* EntityHelper.m */; };
		3FF645230D5B05FA00F2EAD9 /* WorkQueueController.m in Sources */ = {isa = PBXBuildFile; fileRef = 3FF645220D5B05FA00F2EAD9 /* WorkQueueController.m */; };
		3FF645260D5B09D000F2EAD9 /* WorkQueueItem.m in Sources */ = {isa = PBXBuildFile; fileRef = 3FF645250D5B09D000F2EAD9 /* WorkQueueItem.m */; };
		3FF708640D89F0650041CEAE /* WorkQueueDisplayController.m in Sources */ = {isa = PBXBuildFile; fileRef = 3FF708630D89F0650041CEAE /* WorkQueueDisplayController.m */; };
		3FF70A170D8B4E240041CEAE /* PreferencesDisplayController.m in Sources */ = {isa = PBXBuildFile; fileRef = 3FF70A160D8B4E240041CEAE /* PreferencesDisplayController.m */; };
		3FF850420D71D56600BA2628 /* PredicateTesting.m in Sources */ = {isa = PBXBuildFile; fileRef = 3FF850410D71D56600BA2628 /* PredicateTesting.m */; };
		3FFF42180DA86470008CBE8D /* mpg_to_mp4.png in Resources */ = {isa = PBXBuildFile; fileRef = 3FFF42160DA86470008CBE8D /* mpg_to_mp4.png */; };
		3FFF42190DA86470008CBE8D /* tivo_to_movie.png in Resources */ = {isa = PBXBuildFile; fileRef = 3FFF42170DA86470008CBE8D /* tivo_to_movie.png */; };
		3FFF424E0DA87503008CBE8D /* MainMenu.xib in Resources */ = {isa = PBXBuildFile; fileRef = 3FFF424C0DA87503008CBE8D /* MainMenu.xib */; };
		3FFF42500DA87531008CBE8D /* Preferences.xib in Resources */ = {isa = PBXBuildFile; fileRef = 3FFF424F0DA87531008CBE8D /* Preferences.xib */; };
		3FFF42570DA87908008CBE8D /* WorkQueue.xib in Resources */ = {isa = PBXBuildFile; fileRef = 3FFF42560DA87908008CBE8D /* WorkQueue.xib */; };
		3FFF42700DA87AA9008CBE8D /* PredicateTesting.xib in Resources */ = {isa = PBXBuildFile; fileRef = 3FFF426E0DA87AA9008CBE8D /* PredicateTesting.xib */; };
		770B37ED0679A11B001EADE2 /* TiVo_Butler_DataModel.xcdatamodel in Sources */ = {isa = PBXBuildFile; fileRef = 770B37EC0679A11B001EADE2 /* TiVo_Butler_DataModel.xcdatamodel */; };
		77C8280E06725ACE000B614F /* TiVo_Butler_AppDelegate.m in Sources */ = {isa = PBXBuildFile; fileRef = 77C8280C06725ACE000B614F /* TiVo_Butler_AppDelegate.m */; };
		8D11072B0486CEB800E47090 /* InfoPlist.strings in Resources */ = {isa = PBXBuildFile; fileRef = 089C165CFE840E0CC02AAC07 /* InfoPlist.strings */; };
		8D11072D0486CEB800E47090 /* main.m in Sources */ = {isa = PBXBuildFile; fileRef = 29B97316FDCFA39411CA2CEA /* main.m */; settings = {ATTRIBUTES = (); }; };
		8D11072F0486CEB800E47090 /* Cocoa.framework in Frameworks */ = {isa = PBXBuildFile; fileRef = 1058C7A1FEA54F0111CA2CBB /* Cocoa.framework */; };
/* End PBXBuildFile section */

/* Begin PBXCopyFilesBuildPhase section */
		3F8E38C20D4DA684009B89B3 /* Copy Frameworks */ = {
			isa = PBXCopyFilesBuildPhase;
			buildActionMask = 2147483647;
			dstPath = "";
			dstSubfolderSpec = 10;
			files = (
				3FB7F8270D94D74100D97046 /* BHLogger.framework in Copy Frameworks */,
			);
			name = "Copy Frameworks";
			runOnlyForDeploymentPostprocessing = 0;
		};
		3FCB2ED60D8451E200C2B5BD /* Copy Executables */ = {
			isa = PBXCopyFilesBuildPhase;
			buildActionMask = 2147483647;
			dstPath = "";
			dstSubfolderSpec = 6;
			files = (
				3FCB2D190D8265BD00C2B5BD /* mencoder in Copy Executables */,
				3FCB2D1A0D8265BD00C2B5BD /* tivodecode in Copy Executables */,
			);
			name = "Copy Executables";
			runOnlyForDeploymentPostprocessing = 0;
		};
/* End PBXCopyFilesBuildPhase section */

/* Begin PBXFileReference section */
		089C165DFE840E0CC02AAC07 /* English */ = {isa = PBXFileReference; fileEncoding = 10; lastKnownFileType = text.plist.strings; name = English; path = English.lproj/InfoPlist.strings; sourceTree = "<group>"; };
		1058C7A1FEA54F0111CA2CBB /* Cocoa.framework */ = {isa = PBXFileReference; lastKnownFileType = wrapper.framework; name = Cocoa.framework; path = /System/Library/Frameworks/Cocoa.framework; sourceTree = "<absolute>"; };
		29B97316FDCFA39411CA2CEA /* main.m */ = {isa = PBXFileReference; fileEncoding = 4; lastKnownFileType = sourcecode.c.objc; path = main.m; sourceTree = "<group>"; };
		29B97324FDCFA39411CA2CEA /* AppKit.framework */ = {isa = PBXFileReference; lastKnownFileType = wrapper.framework; name = AppKit.framework; path = /System/Library/Frameworks/AppKit.framework; sourceTree = "<absolute>"; };
		29B97325FDCFA39411CA2CEA /* Foundation.framework */ = {isa = PBXFileReference; lastKnownFileType = wrapper.framework; name = Foundation.framework; path = /System/Library/Frameworks/Foundation.framework; sourceTree = "<absolute>"; };
		32CA4F630368D1EE00C91783 /* TiVo_Butler_Prefix.pch */ = {isa = PBXFileReference; fileEncoding = 4; lastKnownFileType = sourcecode.c.h; path = TiVo_Butler_Prefix.pch; sourceTree = "<group>"; };
		3F0FD9200D8B847A00F9C7E2 /* SmartGroup.h */ = {isa = PBXFileReference; fileEncoding = 4; lastKnownFileType = sourcecode.c.h; path = SmartGroup.h; sourceTree = "<group>"; };
		3F0FD9210D8B847A00F9C7E2 /* SmartGroup.m */ = {isa = PBXFileReference; fileEncoding = 4; lastKnownFileType = sourcecode.c.objc; path = SmartGroup.m; sourceTree = "<group>"; };
		3F41D6390DCADD1000CB0659 /* EntityToken.h */ = {isa = PBXFileReference; fileEncoding = 4; lastKnownFileType = sourcecode.c.h; path = EntityToken.h; sourceTree = "<group>"; };
		3F41D63A0DCADD1000CB0659 /* EntityToken.m */ = {isa = PBXFileReference; fileEncoding = 4; lastKnownFileType = sourcecode.c.objc; path = EntityToken.m; sourceTree = "<group>"; };
		3F41D70F0DCCA40E00CB0659 /* EntityTokenFieldValueTransformer.h */ = {isa = PBXFileReference; fileEncoding = 4; lastKnownFileType = sourcecode.c.h; path = EntityTokenFieldValueTransformer.h; sourceTree = "<group>"; };
		3F41D7100DCCA40E00CB0659 /* EntityTokenFieldValueTransformer.m */ = {isa = PBXFileReference; fileEncoding = 4; lastKnownFileType = sourcecode.c.objc; path = EntityTokenFieldValueTransformer.m; sourceTree = "<group>"; };
		3F41D9590DCD7A8000CB0659 /* TiVoProgram_AccessorAdditions.m */ = {isa = PBXFileReference; fileEncoding = 4; lastKnownFileType = sourcecode.c.objc; path = TiVoProgram_AccessorAdditions.m; sourceTree = "<group>"; };
		3F44C4970D4453F800F0F6F4 /* Folder.tif */ = {isa = PBXFileReference; lastKnownFileType = image.tiff; path = Folder.tif; sourceTree = "<group>"; };
		3F44C4980D4453F800F0F6F4 /* highlight_blue.tiff */ = {isa = PBXFileReference; lastKnownFileType = image.tiff; path = highlight_blue.tiff; sourceTree = "<group>"; };
		3F44C4990D4453F800F0F6F4 /* highlight_grey.tiff */ = {isa = PBXFileReference; lastKnownFileType = image.tiff; path = highlight_grey.tiff; sourceTree = "<group>"; };
		3F44C49A0D4453F800F0F6F4 /* License.txt */ = {isa = PBXFileReference; fileEncoding = 4; lastKnownFileType = text; path = License.txt; sourceTree = "<group>"; };
		3F44C49B0D4453F800F0F6F4 /* LNSSourceListCell.h */ = {isa = PBXFileReference; fileEncoding = 4; lastKnownFileType = sourcecode.c.h; path = LNSSourceListCell.h; sourceTree = "<group>"; };
		3F44C49C0D4453F800F0F6F4 /* LNSSourceListCell.m */ = {isa = PBXFileReference; fileEncoding = 4; lastKnownFileType = sourcecode.c.objc; path = LNSSourceListCell.m; sourceTree = "<group>"; };
		3F44C49D0D4453F800F0F6F4 /* LNSSourceListColumn.h */ = {isa = PBXFileReference; fileEncoding = 4; lastKnownFileType = sourcecode.c.h; path = LNSSourceListColumn.h; sourceTree = "<group>"; };
		3F44C49E0D4453F800F0F6F4 /* LNSSourceListColumn.m */ = {isa = PBXFileReference; fileEncoding = 4; lastKnownFileType = sourcecode.c.objc; path = LNSSourceListColumn.m; sourceTree = "<group>"; };
		3F44C49F0D4453F800F0F6F4 /* LNSSourceListSourceGroupCell.h */ = {isa = PBXFileReference; fileEncoding = 4; lastKnownFileType = sourcecode.c.h; path = LNSSourceListSourceGroupCell.h; sourceTree = "<group>"; };
		3F44C4A00D4453F800F0F6F4 /* LNSSourceListSourceGroupCell.m */ = {isa = PBXFileReference; fileEncoding = 4; lastKnownFileType = sourcecode.c.objc; path = LNSSourceListSourceGroupCell.m; sourceTree = "<group>"; };
		3F44C4A10D4453F800F0F6F4 /* LNSSourceListView.h */ = {isa = PBXFileReference; fileEncoding = 4; lastKnownFileType = sourcecode.c.h; path = LNSSourceListView.h; sourceTree = "<group>"; };
		3F44C4A20D4453F800F0F6F4 /* LNSSourceListView.m */ = {isa = PBXFileReference; fileEncoding = 4; lastKnownFileType = sourcecode.c.objc; path = LNSSourceListView.m; sourceTree = "<group>"; };
		3F44D8440D53042F00DA286E /* CalypsoXMLParser.h */ = {isa = PBXFileReference; fileEncoding = 4; lastKnownFileType = sourcecode.c.h; path = CalypsoXMLParser.h; sourceTree = "<group>"; };
		3F44D8450D53042F00DA286E /* CalypsoXMLParser.m */ = {isa = PBXFileReference; fileEncoding = 4; lastKnownFileType = sourcecode.c.objc; path = CalypsoXMLParser.m; sourceTree = "<group>"; };
		3F5E9AEA0DA90DAE004D2EE8 /* TiVoDocument.icns */ = {isa = PBXFileReference; lastKnownFileType = image.icns; path = TiVoDocument.icns; sourceTree = "<group>"; };
		3F5E9B1E0DA922F4004D2EE8 /* NowPlaying.png */ = {isa = PBXFileReference; lastKnownFileType = image.png; path = NowPlaying.png; sourceTree = "<group>"; };
		3F5E9B210DA92462004D2EE8 /* add_to_queue.png */ = {isa = PBXFileReference; lastKnownFileType = image.png; path = add_to_queue.png; sourceTree = "<group>"; };
		3F6638320DA0A44500803251 /* English */ = {isa = PBXFileReference; lastKnownFileType = file.xib; name = English; path = English.lproj/Preferences.xib; sourceTree = "<group>"; };
		3F6A88F90D53472300212FBA /* TiVoProgram.m */ = {isa = PBXFileReference; fileEncoding = 4; lastKnownFileType = sourcecode.c.objc; path = TiVoProgram.m; sourceTree = "<group>"; };
		3F6A88FA0D53472300212FBA /* TiVoProgram.h */ = {isa = PBXFileReference; fileEncoding = 4; lastKnownFileType = sourcecode.c.h; path = TiVoProgram.h; sourceTree = "<group>"; };
		3F7873AF0E97550600D550E0 /* ConversionPresets.plist */ = {isa = PBXFileReference; fileEncoding = 4; lastKnownFileType = text.plist.xml; path = ConversionPresets.plist; sourceTree = "<group>"; };
		3F8E37E40D4D52AA009B89B3 /* LibraryController.m */ = {isa = PBXFileReference; fileEncoding = 4; lastKnownFileType = sourcecode.c.objc; path = LibraryController.m; sourceTree = "<group>"; };
		3F8E37E50D4D52AA009B89B3 /* LibraryController.h */ = {isa = PBXFileReference; fileEncoding = 4; lastKnownFileType = sourcecode.c.h; path = LibraryController.h; sourceTree = "<group>"; };
		3F90ADF50DD325000088F103 /* WorkQueueFile.h */ = {isa = PBXFileReference; fileEncoding = 4; lastKnownFileType = sourcecode.c.h; path = WorkQueueFile.h; sourceTree = "<group>"; };
		3F90ADF60DD325000088F103 /* WorkQueueFile.m */ = {isa = PBXFileReference; fileEncoding = 4; lastKnownFileType = sourcecode.c.objc; path = WorkQueueFile.m; sourceTree = "<group>"; };
		3F90AFA00DD669C80088F103 /* WorkQueueItem_Workflows.m */ = {isa = PBXFileReference; fileEncoding = 4; lastKnownFileType = sourcecode.c.objc; path = WorkQueueItem_Workflows.m; sourceTree = "<group>"; };
		3F90B1EB0DD9DBC30088F103 /* WorkQueueStep.h */ = {isa = PBXFileReference; fileEncoding = 4; lastKnownFileType = sourcecode.c.h; path = WorkQueueStep.h; sourceTree = "<group>"; };
		3F90B1EC0DD9DBC30088F103 /* WorkQueueStep.m */ = {isa = PBXFileReference; fileEncoding = 4; lastKnownFileType = sourcecode.c.objc; path = WorkQueueStep.m; sourceTree = "<group>"; };
		3F90B2020DD9DE7A0088F103 /* WorkQueueStep_Workflows.m */ = {isa = PBXFileReference; fileEncoding = 4; lastKnownFileType = sourcecode.c.objc; path = WorkQueueStep_Workflows.m; sourceTree = "<group>"; };
		3F9CD0870DDFEA0100A6B574 /* FilenameTokenSamples.plist */ = {isa = PBXFileReference; fileEncoding = 4; lastKnownFileType = text.plist.xml; path = FilenameTokenSamples.plist; sourceTree = "<group>"; };
		3FB3C6140D9E8DD5001CEE9D /* download.png */ = {isa = PBXFileReference; lastKnownFileType = image.png; path = download.png; sourceTree = "<group>"; };
		3FB3C6150D9E8DD5001CEE9D /* processing.png */ = {isa = PBXFileReference; lastKnownFileType = image.png; path = processing.png; sourceTree = "<group>"; };
		3FB3C6160D9E8DD5001CEE9D /* smart_folders.png */ = {isa = PBXFileReference; lastKnownFileType = image.png; path = smart_folders.png; sourceTree = "<group>"; };
		3FB3C61C0D9E8F9A001CEE9D /* tivo_small.png */ = {isa = PBXFileReference; lastKnownFileType = image.png; path = tivo_small.png; sourceTree = "<group>"; };
		3FB7F7ED0D94D32100D97046 /* Beta Tester Notes.rtf */ = {isa = PBXFileReference; lastKnownFileType = text.rtf; path = "Beta Tester Notes.rtf"; sourceTree = "<group>"; };
		3FB7F7EE0D94D32100D97046 /* GPL.txt */ = {isa = PBXFileReference; fileEncoding = 4; lastKnownFileType = text; path = GPL.txt; sourceTree = "<group>"; };
		3FB7F7EF0D94D32100D97046 /* README.rtf */ = {isa = PBXFileReference; lastKnownFileType = text.rtf; path = README.rtf; sourceTree = "<group>"; };
		3FB7FE330D99A06C00D97046 /* TiVoSizeValueTransformer.h */ = {isa = PBXFileReference; fileEncoding = 4; lastKnownFileType = sourcecode.c.h; path = TiVoSizeValueTransformer.h; sourceTree = "<group>"; };
		3FB7FE340D99A06C00D97046 /* TiVoSizeValueTransformer.m */ = {isa = PBXFileReference; fileEncoding = 4; lastKnownFileType = sourcecode.c.objc; path = TiVoSizeValueTransformer.m; sourceTree = "<group>"; };
		3FB7FE360D99A0A000D97046 /* TiVoDurationValueTransformer.h */ = {isa = PBXFileReference; fileEncoding = 4; lastKnownFileType = sourcecode.c.h; path = TiVoDurationValueTransformer.h; sourceTree = "<group>"; };
		3FB7FE370D99A0A000D97046 /* TiVoDurationValueTransformer.m */ = {isa = PBXFileReference; fileEncoding = 4; lastKnownFileType = sourcecode.c.objc; path = TiVoDurationValueTransformer.m; sourceTree = "<group>"; };
		3FB7FF490D9A04BC00D97046 /* expired-recording.png */ = {isa = PBXFileReference; lastKnownFileType = image.png; path = "expired-recording.png"; sourceTree = "<group>"; };
		3FB7FF4A0D9A04BC00D97046 /* expires-soon-recording.png */ = {isa = PBXFileReference; lastKnownFileType = image.png; path = "expires-soon-recording.png"; sourceTree = "<group>"; };
		3FB7FF4B0D9A04BC00D97046 /* in-progress-recording.png */ = {isa = PBXFileReference; lastKnownFileType = image.png; path = "in-progress-recording.png"; sourceTree = "<group>"; };
		3FB7FF4C0D9A04BC00D97046 /* save-until-i-delete-recording.png */ = {isa = PBXFileReference; lastKnownFileType = image.png; path = "save-until-i-delete-recording.png"; sourceTree = "<group>"; };
		3FB8E0FE0D8EC3CD008BD58C /* BHLogger.framework */ = {isa = PBXFileReference; lastKnownFileType = wrapper.framework; path = BHLogger.framework; sourceTree = "<group>"; };
		3FCB2D170D8265BD00C2B5BD /* mencoder */ = {isa = PBXFileReference; lastKnownFileType = "compiled.mach-o.executable"; path = mencoder; sourceTree = "<group>"; };
		3FCB2D180D8265BD00C2B5BD /* tivodecode */ = {isa = PBXFileReference; lastKnownFileType = "compiled.mach-o.executable"; path = tivodecode; sourceTree = "<group>"; };
		3FCB2ED80D845C9400C2B5BD /* TiVoButler.icns */ = {isa = PBXFileReference; lastKnownFileType = image.icns; path = TiVoButler.icns; sourceTree = "<group>"; };
		3FE3C8F30D3DD46C00D5105A /* TiVoPlayer.h */ = {isa = PBXFileReference; fileEncoding = 4; lastKnownFileType = sourcecode.c.h; path = TiVoPlayer.h; sourceTree = "<group>"; };
		3FE3C8F40D3DD46C00D5105A /* TiVoPlayer.m */ = {isa = PBXFileReference; fileEncoding = 4; lastKnownFileType = sourcecode.c.objc; path = TiVoPlayer.m; sourceTree = "<group>"; };
		3FF63FDE0D5663DF00F2EAD9 /* EntityHelper.h */ = {isa = PBXFileReference; fileEncoding = 4; lastKnownFileType = sourcecode.c.h; path = EntityHelper.h; sourceTree = "<group>"; };
		3FF63FDF0D5663DF00F2EAD9 /* EntityHelper.m */ = {isa = PBXFileReference; fileEncoding = 4; lastKnownFileType = sourcecode.c.objc; path = EntityHelper.m; sourceTree = "<group>"; };
		3FF645210D5B05FA00F2EAD9 /* WorkQueueController.h */ = {isa = PBXFileReference; fileEncoding = 4; lastKnownFileType = sourcecode.c.h; path = WorkQueueController.h; sourceTree = "<group>"; };
		3FF645220D5B05FA00F2EAD9 /* WorkQueueController.m */ = {isa = PBXFileReference; fileEncoding = 4; lastKnownFileType = sourcecode.c.objc; path = WorkQueueController.m; sourceTree = "<group>"; };
		3FF645240D5B09D000F2EAD9 /* WorkQueueItem.h */ = {isa = PBXFileReference; fileEncoding = 4; lastKnownFileType = sourcecode.c.h; path = WorkQueueItem.h; sourceTree = "<group>"; };
		3FF645250D5B09D000F2EAD9 /* WorkQueueItem.m */ = {isa = PBXFileReference; fileEncoding = 4; lastKnownFileType = sourcecode.c.objc; path = WorkQueueItem.m; sourceTree = "<group>"; };
		3FF708620D89F0650041CEAE /* WorkQueueDisplayController.h */ = {isa = PBXFileReference; fileEncoding = 4; lastKnownFileType = sourcecode.c.h; path = WorkQueueDisplayController.h; sourceTree = "<group>"; };
		3FF708630D89F0650041CEAE /* WorkQueueDisplayController.m */ = {isa = PBXFileReference; fileEncoding = 4; lastKnownFileType = sourcecode.c.objc; path = WorkQueueDisplayController.m; sourceTree = "<group>"; };
		3FF70A150D8B4E240041CEAE /* PreferencesDisplayController.h */ = {isa = PBXFileReference; fileEncoding = 4; lastKnownFileType = sourcecode.c.h; path = PreferencesDisplayController.h; sourceTree = "<group>"; };
		3FF70A160D8B4E240041CEAE /* PreferencesDisplayController.m */ = {isa = PBXFileReference; fileEncoding = 4; lastKnownFileType = sourcecode.c.objc; path = PreferencesDisplayController.m; sourceTree = "<group>"; };
		3FF850400D71D56600BA2628 /* PredicateTesting.h */ = {isa = PBXFileReference; fileEncoding = 4; lastKnownFileType = sourcecode.c.h; path = PredicateTesting.h; sourceTree = "<group>"; };
		3FF850410D71D56600BA2628 /* PredicateTesting.m */ = {isa = PBXFileReference; fileEncoding = 4; lastKnownFileType = sourcecode.c.objc; path = PredicateTesting.m; sourceTree = "<group>"; };
		3FFF42160DA86470008CBE8D /* mpg_to_mp4.png */ = {isa = PBXFileReference; lastKnownFileType = image.png; path = mpg_to_mp4.png; sourceTree = "<group>"; };
		3FFF42170DA86470008CBE8D /* tivo_to_movie.png */ = {isa = PBXFileReference; lastKnownFileType = image.png; path = tivo_to_movie.png; sourceTree = "<group>"; };
		3FFF424D0DA87503008CBE8D /* English */ = {isa = PBXFileReference; lastKnownFileType = file.xib; name = English; path = English.lproj/MainMenu.xib; sourceTree = "<group>"; };
		3FFF42540DA87902008CBE8D /* English */ = {isa = PBXFileReference; lastKnownFileType = file.xib; name = English; path = English.lproj/WorkQueue.xib; sourceTree = "<group>"; };
		3FFF426F0DA87AA9008CBE8D /* English */ = {isa = PBXFileReference; lastKnownFileType = file.xib; name = English; path = English.lproj/PredicateTesting.xib; sourceTree = "<group>"; };
		770B37EC0679A11B001EADE2 /* TiVo_Butler_DataModel.xcdatamodel */ = {isa = PBXFileReference; fileEncoding = 4; lastKnownFileType = wrapper.xcdatamodel; path = TiVo_Butler_DataModel.xcdatamodel; sourceTree = "<group>"; };
		77C82804067257F0000B614F /* CoreData.framework */ = {isa = PBXFileReference; lastKnownFileType = wrapper.framework; name = CoreData.framework; path = /System/Library/Frameworks/CoreData.framework; sourceTree = "<absolute>"; };
		77C8280B06725ACE000B614F /* TiVo_Butler_AppDelegate.h */ = {isa = PBXFileReference; fileEncoding = 4; lastKnownFileType = sourcecode.c.h; path = TiVo_Butler_AppDelegate.h; sourceTree = "<group>"; };
		77C8280C06725ACE000B614F /* TiVo_Butler_AppDelegate.m */ = {isa = PBXFileReference; fileEncoding = 4; lastKnownFileType = sourcecode.c.objc; path = TiVo_Butler_AppDelegate.m; sourceTree = "<group>"; };
		8D1107310486CEB800E47090 /* Info.plist */ = {isa = PBXFileReference; fileEncoding = 4; lastKnownFileType = text.plist; path = Info.plist; sourceTree = "<group>"; };
		8D1107320486CEB800E47090 /* TiVo Butler.app */ = {isa = PBXFileReference; explicitFileType = wrapper.application; includeInIndex = 0; path = "TiVo Butler.app"; sourceTree = BUILT_PRODUCTS_DIR; };
/* End PBXFileReference section */

/* Begin PBXFrameworksBuildPhase section */
		8D11072E0486CEB800E47090 /* Frameworks */ = {
			isa = PBXFrameworksBuildPhase;
			buildActionMask = 2147483647;
			files = (
				3FB7F8240D94D71600D97046 /* BHLogger.framework in Frameworks */,
				8D11072F0486CEB800E47090 /* Cocoa.framework in Frameworks */,
			);
			runOnlyForDeploymentPostprocessing = 0;
		};
/* End PBXFrameworksBuildPhase section */

/* Begin PBXGroup section */
		080E96DDFE201D6D7F000001 /* Classes */ = {
			isa = PBXGroup;
			children = (
				3F6A87D90D532FB400212FBA /* Headers */,
				3FF850410D71D56600BA2628 /* PredicateTesting.m */,
				3F44D8450D53042F00DA286E /* CalypsoXMLParser.m */,
				3F8E37E40D4D52AA009B89B3 /* LibraryController.m */,
				77C8280C06725ACE000B614F /* TiVo_Butler_AppDelegate.m */,
				3FF70A160D8B4E240041CEAE /* PreferencesDisplayController.m */,
				3FF645220D5B05FA00F2EAD9 /* WorkQueueController.m */,
				3FF708630D89F0650041CEAE /* WorkQueueDisplayController.m */,
			);
			name = Classes;
			sourceTree = "<group>";
		};
		1058C7A0FEA54F0111CA2CBB /* Linked Frameworks */ = {
			isa = PBXGroup;
			children = (
				1058C7A1FEA54F0111CA2CBB /* Cocoa.framework */,
			);
			name = "Linked Frameworks";
			sourceTree = "<group>";
		};
		1058C7A2FEA54F0111CA2CBB /* Other Frameworks */ = {
			isa = PBXGroup;
			children = (
				77C82804067257F0000B614F /* CoreData.framework */,
				29B97325FDCFA39411CA2CEA /* Foundation.framework */,
				29B97324FDCFA39411CA2CEA /* AppKit.framework */,
			);
			name = "Other Frameworks";
			sourceTree = "<group>";
		};
		19C28FACFE9D520D11CA2CBB /* Products */ = {
			isa = PBXGroup;
			children = (
				8D1107320486CEB800E47090 /* TiVo Butler.app */,
			);
			name = Products;
			sourceTree = "<group>";
		};
		29B97314FDCFA39411CA2CEA /* TiVo Butler */ = {
			isa = PBXGroup;
			children = (
				7756732906782D8800D1FEB8 /* Models */,
				3FB7FE390D99A0AF00D97046 /* Value Transformers */,
				3FCB2D130D817D4A00C2B5BD /* Entities */,
				080E96DDFE201D6D7F000001 /* Classes */,
				29B97315FDCFA39411CA2CEA /* Other Sources */,
				3FB7F7EC0D94D32100D97046 /* Documentation */,
				29B97317FDCFA39411CA2CEA /* Resources */,
				3FCB2ED70D845C9400C2B5BD /* Images */,
				29B97323FDCFA39411CA2CEA /* Frameworks */,
				3FCB2D160D8265BD00C2B5BD /* 3rd Party Binaries */,
				19C28FACFE9D520D11CA2CBB /* Products */,
			);
			name = "TiVo Butler";
			sourceTree = "<group>";
		};
		29B97315FDCFA39411CA2CEA /* Other Sources */ = {
			isa = PBXGroup;
			children = (
				3F44C4960D4453F800F0F6F4 /* SourceListView */,
				32CA4F630368D1EE00C91783 /* TiVo_Butler_Prefix.pch */,
				29B97316FDCFA39411CA2CEA /* main.m */,
			);
			name = "Other Sources";
			sourceTree = "<group>";
		};
		29B97317FDCFA39411CA2CEA /* Resources */ = {
			isa = PBXGroup;
			children = (
				3F7873AF0E97550600D550E0 /* ConversionPresets.plist */,
				3F9CD0870DDFEA0100A6B574 /* FilenameTokenSamples.plist */,
				8D1107310486CEB800E47090 /* Info.plist */,
				089C165CFE840E0CC02AAC07 /* InfoPlist.strings */,
				3FFF424C0DA87503008CBE8D /* MainMenu.xib */,
				3FFF424F0DA87531008CBE8D /* Preferences.xib */,
				3FFF42560DA87908008CBE8D /* WorkQueue.xib */,
				3FFF426E0DA87AA9008CBE8D /* PredicateTesting.xib */,
			);
			name = Resources;
			sourceTree = "<group>";
		};
		29B97323FDCFA39411CA2CEA /* Frameworks */ = {
			isa = PBXGroup;
			children = (
				3FB8E0FE0D8EC3CD008BD58C /* BHLogger.framework */,
				1058C7A0FEA54F0111CA2CBB /* Linked Frameworks */,
				1058C7A2FEA54F0111CA2CBB /* Other Frameworks */,
			);
			name = Frameworks;
			sourceTree = "<group>";
		};
		3F44C4960D4453F800F0F6F4 /* SourceListView */ = {
			isa = PBXGroup;
			children = (
				3F44C4970D4453F800F0F6F4 /* Folder.tif */,
				3F44C4980D4453F800F0F6F4 /* highlight_blue.tiff */,
				3F44C4990D4453F800F0F6F4 /* highlight_grey.tiff */,
				3F44C49A0D4453F800F0F6F4 /* License.txt */,
				3F44C49B0D4453F800F0F6F4 /* LNSSourceListCell.h */,
				3F44C49C0D4453F800F0F6F4 /* LNSSourceListCell.m */,
				3F44C49D0D4453F800F0F6F4 /* LNSSourceListColumn.h */,
				3F44C49E0D4453F800F0F6F4 /* LNSSourceListColumn.m */,
				3F44C49F0D4453F800F0F6F4 /* LNSSourceListSourceGroupCell.h */,
				3F44C4A00D4453F800F0F6F4 /* LNSSourceListSourceGroupCell.m */,
				3F44C4A10D4453F800F0F6F4 /* LNSSourceListView.h */,
				3F44C4A20D4453F800F0F6F4 /* LNSSourceListView.m */,
			);
			path = SourceListView;
			sourceTree = "<group>";
		};
		3F5E9AED0DA90DB6004D2EE8 /* Icons */ = {
			isa = PBXGroup;
			children = (
				3F5E9AEA0DA90DAE004D2EE8 /* TiVoDocument.icns */,
				3FCB2ED80D845C9400C2B5BD /* TiVoButler.icns */,
			);
			name = Icons;
			sourceTree = "<group>";
		};
		3F5E9AF30DA90FCC004D2EE8 /* Status */ = {
			isa = PBXGroup;
			children = (
				3FB7FF490D9A04BC00D97046 /* expired-recording.png */,
				3FB7FF4A0D9A04BC00D97046 /* expires-soon-recording.png */,
				3FB7FF4B0D9A04BC00D97046 /* in-progress-recording.png */,
				3FB7FF4C0D9A04BC00D97046 /* save-until-i-delete-recording.png */,
			);
			name = Status;
			sourceTree = "<group>";
		};
		3F5E9AF40DA90FDA004D2EE8 /* Toolbar */ = {
			isa = PBXGroup;
			children = (
				3F5E9B210DA92462004D2EE8 /* add_to_queue.png */,
				3F5E9B1E0DA922F4004D2EE8 /* NowPlaying.png */,
				3FB3C61C0D9E8F9A001CEE9D /* tivo_small.png */,
				3FFF42160DA86470008CBE8D /* mpg_to_mp4.png */,
				3FFF42170DA86470008CBE8D /* tivo_to_movie.png */,
				3FB3C6140D9E8DD5001CEE9D /* download.png */,
				3FB3C6150D9E8DD5001CEE9D /* processing.png */,
				3FB3C6160D9E8DD5001CEE9D /* smart_folders.png */,
			);
			name = Toolbar;
			sourceTree = "<group>";
		};
		3F6A87D90D532FB400212FBA /* Headers */ = {
			isa = PBXGroup;
			children = (
				3FF850400D71D56600BA2628 /* PredicateTesting.h */,
				3F8E37E50D4D52AA009B89B3 /* LibraryController.h */,
				3F44D8440D53042F00DA286E /* CalypsoXMLParser.h */,
				77C8280B06725ACE000B614F /* TiVo_Butler_AppDelegate.h */,
				3FF70A150D8B4E240041CEAE /* PreferencesDisplayController.h */,
				3FF645210D5B05FA00F2EAD9 /* WorkQueueController.h */,
				3FF708620D89F0650041CEAE /* WorkQueueDisplayController.h */,
			);
			name = Headers;
			sourceTree = "<group>";
		};
		3FB7F7EC0D94D32100D97046 /* Documentation */ = {
			isa = PBXGroup;
			children = (
				3FB7F7ED0D94D32100D97046 /* Beta Tester Notes.rtf */,
				3FB7F7EE0D94D32100D97046 /* GPL.txt */,
				3FB7F7EF0D94D32100D97046 /* README.rtf */,
			);
			path = Documentation;
			sourceTree = "<group>";
		};
		3FB7FE390D99A0AF00D97046 /* Value Transformers */ = {
			isa = PBXGroup;
			children = (
				3FB7FE3A0D99A0C500D97046 /* Headers */,
				3F41D7100DCCA40E00CB0659 /* EntityTokenFieldValueTransformer.m */,
				3FB7FE370D99A0A000D97046 /* TiVoDurationValueTransformer.m */,
				3FB7FE340D99A06C00D97046 /* TiVoSizeValueTransformer.m */,
			);
			name = "Value Transformers";
			sourceTree = "<group>";
		};
		3FB7FE3A0D99A0C500D97046 /* Headers */ = {
			isa = PBXGroup;
			children = (
				3F41D70F0DCCA40E00CB0659 /* EntityTokenFieldValueTransformer.h */,
				3FB7FE360D99A0A000D97046 /* TiVoDurationValueTransformer.h */,
				3FB7FE330D99A06C00D97046 /* TiVoSizeValueTransformer.h */,
			);
			name = Headers;
			sourceTree = "<group>";
		};
		3FCB2D130D817D4A00C2B5BD /* Entities */ = {
			isa = PBXGroup;
			children = (
				3FCB2D140D817D6200C2B5BD /* Headers */,
				3FF63FDF0D5663DF00F2EAD9 /* EntityHelper.m */,
				3F41D63A0DCADD1000CB0659 /* EntityToken.m */,
				3F0FD9210D8B847A00F9C7E2 /* SmartGroup.m */,
				3FE3C8F40D3DD46C00D5105A /* TiVoPlayer.m */,
				3F6A88F90D53472300212FBA /* TiVoProgram.m */,
				3F41D9590DCD7A8000CB0659 /* TiVoProgram_AccessorAdditions.m */,
				3F90ADF60DD325000088F103 /* WorkQueueFile.m */,
				3FF645250D5B09D000F2EAD9 /* WorkQueueItem.m */,
				3F90AFA00DD669C80088F103 /* WorkQueueItem_Workflows.m */,
				3F90B1EC0DD9DBC30088F103 /* WorkQueueStep.m */,
				3F90B2020DD9DE7A0088F103 /* WorkQueueStep_Workflows.m */,
			);
			name = Entities;
			sourceTree = "<group>";
		};
		3FCB2D140D817D6200C2B5BD /* Headers */ = {
			isa = PBXGroup;
			children = (
				3FF63FDE0D5663DF00F2EAD9 /* EntityHelper.h */,
				3F41D6390DCADD1000CB0659 /* EntityToken.h */,
				3F0FD9200D8B847A00F9C7E2 /* SmartGroup.h */,
				3FE3C8F30D3DD46C00D5105A /* TiVoPlayer.h */,
				3F6A88FA0D53472300212FBA /* TiVoProgram.h */,
				3F90ADF50DD325000088F103 /* WorkQueueFile.h */,
				3FF645240D5B09D000F2EAD9 /* WorkQueueItem.h */,
				3F90B1EB0DD9DBC30088F103 /* WorkQueueStep.h */,
			);
			name = Headers;
			sourceTree = "<group>";
		};
		3FCB2D160D8265BD00C2B5BD /* 3rd Party Binaries */ = {
			isa = PBXGroup;
			children = (
				3FCB2D170D8265BD00C2B5BD /* mencoder */,
				3FCB2D180D8265BD00C2B5BD /* tivodecode */,
			);
			name = "3rd Party Binaries";
			path = binaries;
			sourceTree = "<group>";
		};
		3FCB2ED70D845C9400C2B5BD /* Images */ = {
			isa = PBXGroup;
			children = (
				3F5E9AED0DA90DB6004D2EE8 /* Icons */,
				3F5E9AF30DA90FCC004D2EE8 /* Status */,
				3F5E9AF40DA90FDA004D2EE8 /* Toolbar */,
			);
			name = Images;
			path = images;
			sourceTree = "<group>";
		};
		7756732906782D8800D1FEB8 /* Models */ = {
			isa = PBXGroup;
			children = (
				770B37EC0679A11B001EADE2 /* TiVo_Butler_DataModel.xcdatamodel */,
			);
			name = Models;
			sourceTree = "<group>";
		};
/* End PBXGroup section */

/* Begin PBXNativeTarget section */
		8D1107260486CEB800E47090 /* TiVo Butler */ = {
			isa = PBXNativeTarget;
			buildConfigurationList = 26FC0A840875C7B200E6366F /* Build configuration list for PBXNativeTarget "TiVo Butler" */;
			buildPhases = (
				8D1107290486CEB800E47090 /* Resources */,
				8D11072C0486CEB800E47090 /* Sources */,
				8D11072E0486CEB800E47090 /* Frameworks */,
				3F8E38C20D4DA684009B89B3 /* Copy Frameworks */,
				3FCB2ED60D8451E200C2B5BD /* Copy Executables */,
			);
			buildRules = (
			);
			dependencies = (
			);
			name = "TiVo Butler";
			productInstallPath = "$(HOME)/Applications";
			productName = "TiVo Butler";
			productReference = 8D1107320486CEB800E47090 /* TiVo Butler.app */;
			productType = "com.apple.product-type.application";
		};
/* End PBXNativeTarget section */

/* Begin PBXProject section */
		29B97313FDCFA39411CA2CEA /* Project object */ = {
			isa = PBXProject;
			buildConfigurationList = 26FC0A880875C7B200E6366F /* Build configuration list for PBXProject "TiVo Butler" */;
			compatibilityVersion = "Xcode 3.0";
			hasScannedForEncodings = 1;
			mainGroup = 29B97314FDCFA39411CA2CEA /* TiVo Butler */;
			projectDirPath = "";
			projectRoot = "";
			targets = (
				8D1107260486CEB800E47090 /* TiVo Butler */,
			);
		};
/* End PBXProject section */

/* Begin PBXResourcesBuildPhase section */
		8D1107290486CEB800E47090 /* Resources */ = {
			isa = PBXResourcesBuildPhase;
			buildActionMask = 2147483647;
			files = (
				8D11072B0486CEB800E47090 /* InfoPlist.strings in Resources */,
				3F44C4A30D4453F800F0F6F4 /* Folder.tif in Resources */,
				3F44C4A40D4453F800F0F6F4 /* highlight_blue.tiff in Resources */,
				3F44C4A50D4453F800F0F6F4 /* highlight_grey.tiff in Resources */,
				3F44C4A60D4453F800F0F6F4 /* License.txt in Resources */,
				3FCB2ED90D845C9400C2B5BD /* TiVoButler.icns in Resources */,
				3FB7F7F00D94D32100D97046 /* Beta Tester Notes.rtf in Resources */,
				3FB7F7F10D94D32100D97046 /* GPL.txt in Resources */,
				3FB7FF4D0D9A04BC00D97046 /* expired-recording.png in Resources */,
				3FB7FF4E0D9A04BC00D97046 /* expires-soon-recording.png in Resources */,
				3FB7FF4F0D9A04BC00D97046 /* in-progress-recording.png in Resources */,
				3FB7FF500D9A04BC00D97046 /* save-until-i-delete-recording.png in Resources */,
				3FB3C6170D9E8DD5001CEE9D /* download.png in Resources */,
				3FB3C6180D9E8DD5001CEE9D /* processing.png in Resources */,
				3FB3C6190D9E8DD5001CEE9D /* smart_folders.png in Resources */,
				3FB3C61D0D9E8F9A001CEE9D /* tivo_small.png in Resources */,
				3FFF42500DA87531008CBE8D /* Preferences.xib in Resources */,
				3FFF42180DA86470008CBE8D /* mpg_to_mp4.png in Resources */,
				3FFF42190DA86470008CBE8D /* tivo_to_movie.png in Resources */,
				3FFF424E0DA87503008CBE8D /* MainMenu.xib in Resources */,
				3FFF42570DA87908008CBE8D /* WorkQueue.xib in Resources */,
				3FFF42700DA87AA9008CBE8D /* PredicateTesting.xib in Resources */,
				3F5E9AEB0DA90DAE004D2EE8 /* TiVoDocument.icns in Resources */,
				3F5E9B1F0DA922F4004D2EE8 /* NowPlaying.png in Resources */,
				3F5E9B220DA92462004D2EE8 /* add_to_queue.png in Resources */,
				3F9CD0880DDFEA0100A6B574 /* FilenameTokenSamples.plist in Resources */,
				3F7873B00E97550600D550E0 /* ConversionPresets.plist in Resources */,
			);
			runOnlyForDeploymentPostprocessing = 0;
		};
/* End PBXResourcesBuildPhase section */

/* Begin PBXSourcesBuildPhase section */
		8D11072C0486CEB800E47090 /* Sources */ = {
			isa = PBXSourcesBuildPhase;
			buildActionMask = 2147483647;
			files = (
				8D11072D0486CEB800E47090 /* main.m in Sources */,
				77C8280E06725ACE000B614F /* TiVo_Butler_AppDelegate.m in Sources */,
				770B37ED0679A11B001EADE2 /* TiVo_Butler_DataModel.xcdatamodel in Sources */,
				3FE3C8F60D3DD46C00D5105A /* TiVoPlayer.m in Sources */,
				3F44C4A70D4453F800F0F6F4 /* LNSSourceListCell.m in Sources */,
				3F44C4A80D4453F800F0F6F4 /* LNSSourceListColumn.m in Sources */,
				3F44C4A90D4453F800F0F6F4 /* LNSSourceListSourceGroupCell.m in Sources */,
				3F44C4AA0D4453F800F0F6F4 /* LNSSourceListView.m in Sources */,
				3F8E37E60D4D52AA009B89B3 /* LibraryController.m in Sources */,
				3F44D8460D53042F00DA286E /* CalypsoXMLParser.m in Sources */,
				3F6A88FB0D53472300212FBA /* TiVoProgram.m in Sources */,
				3FF63FE00D5663DF00F2EAD9 /* EntityHelper.m in Sources */,
				3FF645230D5B05FA00F2EAD9 /* WorkQueueController.m in Sources */,
				3FF645260D5B09D000F2EAD9 /* WorkQueueItem.m in Sources */,
				3FF850420D71D56600BA2628 /* PredicateTesting.m in Sources */,
				3FF708640D89F0650041CEAE /* WorkQueueDisplayController.m in Sources */,
				3FF70A170D8B4E240041CEAE /* PreferencesDisplayController.m in Sources */,
				3F0FD9220D8B847A00F9C7E2 /* SmartGroup.m in Sources */,
				3FB7FE350D99A06C00D97046 /* TiVoSizeValueTransformer.m in Sources */,
				3FB7FE380D99A0A000D97046 /* TiVoDurationValueTransformer.m in Sources */,
				3F41D63B0DCADD1000CB0659 /* EntityToken.m in Sources */,
				3F41D7110DCCA40E00CB0659 /* EntityTokenFieldValueTransformer.m in Sources */,
				3F41D95A0DCD7A8000CB0659 /* TiVoProgram_AccessorAdditions.m in Sources */,
				3F90ADF70DD325000088F103 /* WorkQueueFile.m in Sources */,
				3F90AFA10DD669C80088F103 /* WorkQueueItem_Workflows.m in Sources */,
				3F90B1ED0DD9DBC30088F103 /* WorkQueueStep.m in Sources */,
				3F90B2030DD9DE7A0088F103 /* WorkQueueStep_Workflows.m in Sources */,
			);
			runOnlyForDeploymentPostprocessing = 0;
		};
/* End PBXSourcesBuildPhase section */

/* Begin PBXVariantGroup section */
		089C165CFE840E0CC02AAC07 /* InfoPlist.strings */ = {
			isa = PBXVariantGroup;
			children = (
				089C165DFE840E0CC02AAC07 /* English */,
			);
			name = InfoPlist.strings;
			sourceTree = "<group>";
		};
		3FFF424C0DA87503008CBE8D /* MainMenu.xib */ = {
			isa = PBXVariantGroup;
			children = (
				3FFF424D0DA87503008CBE8D /* English */,
			);
			name = MainMenu.xib;
			sourceTree = "<group>";
		};
		3FFF424F0DA87531008CBE8D /* Preferences.xib */ = {
			isa = PBXVariantGroup;
			children = (
				3F6638320DA0A44500803251 /* English */,
			);
			name = Preferences.xib;
			sourceTree = "<group>";
		};
		3FFF42560DA87908008CBE8D /* WorkQueue.xib */ = {
			isa = PBXVariantGroup;
			children = (
				3FFF42540DA87902008CBE8D /* English */,
			);
			name = WorkQueue.xib;
			sourceTree = "<group>";
		};
		3FFF426E0DA87AA9008CBE8D /* PredicateTesting.xib */ = {
			isa = PBXVariantGroup;
			children = (
				3FFF426F0DA87AA9008CBE8D /* English */,
			);
			name = PredicateTesting.xib;
			sourceTree = "<group>";
		};
/* End PBXVariantGroup section */

/* Begin XCBuildConfiguration section */
		26FC0A850875C7B200E6366F /* Debug */ = {
			isa = XCBuildConfiguration;
			buildSettings = {
				COPY_PHASE_STRIP = NO;
				FRAMEWORK_SEARCH_PATHS = (
					"$(inherited)",
					"\"$(SRCROOT)\"",
				);
				GCC_DYNAMIC_NO_PIC = NO;
				GCC_ENABLE_FIX_AND_CONTINUE = YES;
				GCC_ENABLE_OBJC_EXCEPTIONS = YES;
				GCC_MODEL_TUNING = G5;
				GCC_OPTIMIZATION_LEVEL = 0;
				GCC_PRECOMPILE_PREFIX_HEADER = YES;
				GCC_PREFIX_HEADER = TiVo_Butler_Prefix.pch;
				IBC_FLATTEN_NIBS = NO;
				INFOPLIST_FILE = Info.plist;
				INSTALL_PATH = "$(HOME)/Applications";
				PRODUCT_NAME = "TiVo Butler";
				WRAPPER_EXTENSION = app;
				ZERO_LINK = YES;
			};
			name = Debug;
		};
		26FC0A860875C7B200E6366F /* Release */ = {
			isa = XCBuildConfiguration;
			buildSettings = {
				FRAMEWORK_SEARCH_PATHS = (
					"$(inherited)",
					"\"$(SRCROOT)\"",
				);
				GCC_ENABLE_OBJC_EXCEPTIONS = YES;
				GCC_PRECOMPILE_PREFIX_HEADER = YES;
				GCC_PREFIX_HEADER = TiVo_Butler_Prefix.pch;
				IBC_FLATTEN_NIBS = NO;
				INFOPLIST_FILE = Info.plist;
				PRODUCT_NAME = "TiVo Butler";
				WRAPPER_EXTENSION = app;
			};
			name = Release;
		};
		26FC0A890875C7B200E6366F /* Debug */ = {
			isa = XCBuildConfiguration;
			buildSettings = {
				GCC_WARN_ABOUT_RETURN_TYPE = YES;
				GCC_WARN_UNUSED_VARIABLE = YES;
				OTHER_CFLAGS = "-D__DEBUG__=1";
				PREBINDING = NO;
				SDKROOT = "$(DEVELOPER_SDK_DIR)/MacOSX10.5.sdk";
			};
			name = Debug;
		};
		26FC0A8A0875C7B200E6366F /* Release */ = {
			isa = XCBuildConfiguration;
			buildSettings = {
				ARCHS = (
					ppc,
					i386,
				);
				GCC_WARN_ABOUT_RETURN_TYPE = YES;
				GCC_WARN_UNUSED_VARIABLE = YES;
				PREBINDING = NO;
				SDKROOT = "$(DEVELOPER_SDK_DIR)/MacOSX10.5.sdk";
			};
			name = Release;
		};
/* End XCBuildConfiguration section */

/* Begin XCConfigurationList section */
		26FC0A840875C7B200E6366F /* Build configuration list for PBXNativeTarget "TiVo Butler" */ = {
			isa = XCConfigurationList;
			buildConfigurations = (
				26FC0A850875C7B200E6366F /* Debug */,
				26FC0A860875C7B200E6366F /* Release */,
			);
			defaultConfigurationIsVisible = 0;
			defaultConfigurationName = Release;
		};
		26FC0A880875C7B200E6366F /* Build configuration list for PBXProject "TiVo Butler" */ = {
			isa = XCConfigurationList;
			buildConfigurations = (
				26FC0A890875C7B200E6366F /* Debug */,
				26FC0A8A0875C7B200E6366F /* Release */,
			);
			defaultConfigurationIsVisible = 0;
			defaultConfigurationName = Release;
		};
/* End XCConfigurationList section */
	};
	rootObject = 29B97313FDCFA39411CA2CEA /* Project object */;
}
